
Microsoft Visual Studio Solution File, Format Version 12.00
# Visual Studio 15
VisualStudioVersion = 15.0.28307.539
MinimumVisualStudioVersion = 10.0.40219.1
Project("{FAE04EC0-301F-11D3-BF4B-00C04F79EFBC}") = "_12_09_2019", "_12_09_2019\_12_09_2019.csproj", "{1401FAB8-2CDD-4FA0-ADB4-74BB288C78FA}"
EndProject
Project("{FAE04EC0-301F-11D3-BF4B-00C04F79EFBC}") = "DAL", "DAL\DAL.csproj", "{10494B4E-513A-47FA-8092-87CF372AA7FB}"
EndProject
Project("{FAE04EC0-301F-11D3-BF4B-00C04F79EFBC}") = "UIDog", "UI.Dog\UIDog.csproj", "{FE795685-7B94-4A79-91DD-9098BE559FE4}"
EndProject
Global
	GlobalSection(SolutionConfigurationPlatforms) = preSolution
		Debug|Any CPU = Debug|Any CPU
		Release|Any CPU = Release|Any CPU
	EndGlobalSection
	GlobalSection(ProjectConfigurationPlatforms) = postSolution
		{1401FAB8-2CDD-4FA0-ADB4-74BB288C78FA}.Debug|Any CPU.ActiveCfg = Debug|Any CPU
		{1401FAB8-2CDD-4FA0-ADB4-74BB288C78FA}.Debug|Any CPU.Build.0 = Debug|Any CPU
		{1401FAB8-2CDD-4FA0-ADB4-74BB288C78FA}.Release|Any CPU.ActiveCfg = Release|Any CPU
		{1401FAB8-2CDD-4FA0-ADB4-74BB288C78FA}.Release|Any CPU.Build.0 = Release|Any CPU
		{10494B4E-513A-47FA-8092-87CF372AA7FB}.Debug|Any CPU.ActiveCfg = Debug|Any CPU
		{10494B4E-513A-47FA-8092-87CF372AA7FB}.Debug|Any CPU.Build.0 = Debug|Any CPU
		{10494B4E-513A-47FA-8092-87CF372AA7FB}.Release|Any CPU.ActiveCfg = Release|Any CPU
		{10494B4E-513A-47FA-8092-87CF372AA7FB}.Release|Any CPU.Build.0 = Release|Any CPU
		{FE795685-7B94-4A79-91DD-9098BE559FE4}.Debug|Any CPU.ActiveCfg = Debug|Any CPU
		{FE795685-7B94-4A79-91DD-9098BE559FE4}.Debug|Any CPU.Build.0 = Debug|Any CPU
		{FE795685-7B94-4A79-91DD-9098BE559FE4}.Release|Any CPU.ActiveCfg = Release|Any CPU
		{FE795685-7B94-4A79-91DD-9098BE559FE4}.Release|Any CPU.Build.0 = Release|Any CPU
	EndGlobalSection
	GlobalSection(SolutionProperties) = preSolution
		HideSolutionNode = FALSE
	EndGlobalSection
	GlobalSection(ExtensibilityGlobals) = postSolution
		SolutionGuid = {54A6DD3E-DE52-4D08-9971-CCE485FB6AE4}
	EndGlobalSection
EndGlobal
