
Microsoft Visual Studio Solution File, Format Version 12.00
# Visual Studio 15
VisualStudioVersion = 15.0.28307.539
MinimumVisualStudioVersion = 10.0.40219.1
Project("{FAE04EC0-301F-11D3-BF4B-00C04F79EFBC}") = "_02_10_2019HomeworkTicTac", "_02_10_2019HomeworkTicTac\_02_10_2019HomeworkTicTac.csproj", "{CCBB9748-69F5-42C9-8B57-B698BF6EAEC7}"
EndProject
Global
	GlobalSection(SolutionConfigurationPlatforms) = preSolution
		Debug|Any CPU = Debug|Any CPU
		Release|Any CPU = Release|Any CPU
	EndGlobalSection
	GlobalSection(ProjectConfigurationPlatforms) = postSolution
		{CCBB9748-69F5-42C9-8B57-B698BF6EAEC7}.Debug|Any CPU.ActiveCfg = Debug|Any CPU
		{CCBB9748-69F5-42C9-8B57-B698BF6EAEC7}.Debug|Any CPU.Build.0 = Debug|Any CPU
		{CCBB9748-69F5-42C9-8B57-B698BF6EAEC7}.Release|Any CPU.ActiveCfg = Release|Any CPU
		{CCBB9748-69F5-42C9-8B57-B698BF6EAEC7}.Release|Any CPU.Build.0 = Release|Any CPU
	EndGlobalSection
	GlobalSection(SolutionProperties) = preSolution
		HideSolutionNode = FALSE
	EndGlobalSection
	GlobalSection(ExtensibilityGlobals) = postSolution
		SolutionGuid = {8DDE80DE-7AF4-4485-8C93-1E639AF2AC39}
	EndGlobalSection
EndGlobal
