
Microsoft Visual Studio Solution File, Format Version 12.00
# Visual Studio 15
VisualStudioVersion = 15.0.28307.539
MinimumVisualStudioVersion = 10.0.40219.1
Project("{FAE04EC0-301F-11D3-BF4B-00C04F79EFBC}") = "_07_10_2019Example", "_07_10_2019Example\_07_10_2019Example.csproj", "{EAAAB4F4-ACCB-4839-B235-EDBDB6960B65}"
EndProject
Global
	GlobalSection(SolutionConfigurationPlatforms) = preSolution
		Debug|Any CPU = Debug|Any CPU
		Release|Any CPU = Release|Any CPU
	EndGlobalSection
	GlobalSection(ProjectConfigurationPlatforms) = postSolution
		{EAAAB4F4-ACCB-4839-B235-EDBDB6960B65}.Debug|Any CPU.ActiveCfg = Debug|Any CPU
		{EAAAB4F4-ACCB-4839-B235-EDBDB6960B65}.Debug|Any CPU.Build.0 = Debug|Any CPU
		{EAAAB4F4-ACCB-4839-B235-EDBDB6960B65}.Release|Any CPU.ActiveCfg = Release|Any CPU
		{EAAAB4F4-ACCB-4839-B235-EDBDB6960B65}.Release|Any CPU.Build.0 = Release|Any CPU
	EndGlobalSection
	GlobalSection(SolutionProperties) = preSolution
		HideSolutionNode = FALSE
	EndGlobalSection
	GlobalSection(ExtensibilityGlobals) = postSolution
		SolutionGuid = {3B267FF8-276E-42B0-A63D-B58C5821FE8B}
	EndGlobalSection
EndGlobal
