
Microsoft Visual Studio Solution File, Format Version 12.00
# Visual Studio 15
VisualStudioVersion = 15.0.28307.539
MinimumVisualStudioVersion = 10.0.40219.1
Project("{FAE04EC0-301F-11D3-BF4B-00C04F79EFBC}") = "_30_09_2019", "_30_09_2019\_30_09_2019.csproj", "{40771AAB-9FC6-492A-A101-A9CF53A3ABB0}"
EndProject
Project("{FAE04EC0-301F-11D3-BF4B-00C04F79EFBC}") = "WindowsFormsApp1", "WindowsFormsApp1\WindowsFormsApp1.csproj", "{272F73D7-4CB3-4BFB-93F6-265A500D44E5}"
EndProject
Global
	GlobalSection(SolutionConfigurationPlatforms) = preSolution
		Debug|Any CPU = Debug|Any CPU
		Release|Any CPU = Release|Any CPU
	EndGlobalSection
	GlobalSection(ProjectConfigurationPlatforms) = postSolution
		{40771AAB-9FC6-492A-A101-A9CF53A3ABB0}.Debug|Any CPU.ActiveCfg = Debug|Any CPU
		{40771AAB-9FC6-492A-A101-A9CF53A3ABB0}.Debug|Any CPU.Build.0 = Debug|Any CPU
		{40771AAB-9FC6-492A-A101-A9CF53A3ABB0}.Release|Any CPU.ActiveCfg = Release|Any CPU
		{40771AAB-9FC6-492A-A101-A9CF53A3ABB0}.Release|Any CPU.Build.0 = Release|Any CPU
		{272F73D7-4CB3-4BFB-93F6-265A500D44E5}.Debug|Any CPU.ActiveCfg = Debug|Any CPU
		{272F73D7-4CB3-4BFB-93F6-265A500D44E5}.Debug|Any CPU.Build.0 = Debug|Any CPU
		{272F73D7-4CB3-4BFB-93F6-265A500D44E5}.Release|Any CPU.ActiveCfg = Release|Any CPU
		{272F73D7-4CB3-4BFB-93F6-265A500D44E5}.Release|Any CPU.Build.0 = Release|Any CPU
	EndGlobalSection
	GlobalSection(SolutionProperties) = preSolution
		HideSolutionNode = FALSE
	EndGlobalSection
	GlobalSection(ExtensibilityGlobals) = postSolution
		SolutionGuid = {A8F6B682-0FFA-49F1-A67C-654A507DBC86}
	EndGlobalSection
EndGlobal
