
Microsoft Visual Studio Solution File, Format Version 12.00
# Visual Studio 15
VisualStudioVersion = 15.0.28307.539
MinimumVisualStudioVersion = 10.0.40219.1
Project("{FAE04EC0-301F-11D3-BF4B-00C04F79EFBC}") = "_09_09_2019_WinForms", "_09_09_2019_WinForms\_09_09_2019_WinForms.csproj", "{6A6CB245-C4E9-44AB-B814-6B7317A1CAD5}"
EndProject
Global
	GlobalSection(SolutionConfigurationPlatforms) = preSolution
		Debug|Any CPU = Debug|Any CPU
		Release|Any CPU = Release|Any CPU
	EndGlobalSection
	GlobalSection(ProjectConfigurationPlatforms) = postSolution
		{6A6CB245-C4E9-44AB-B814-6B7317A1CAD5}.Debug|Any CPU.ActiveCfg = Debug|Any CPU
		{6A6CB245-C4E9-44AB-B814-6B7317A1CAD5}.Debug|Any CPU.Build.0 = Debug|Any CPU
		{6A6CB245-C4E9-44AB-B814-6B7317A1CAD5}.Release|Any CPU.ActiveCfg = Release|Any CPU
		{6A6CB245-C4E9-44AB-B814-6B7317A1CAD5}.Release|Any CPU.Build.0 = Release|Any CPU
	EndGlobalSection
	GlobalSection(SolutionProperties) = preSolution
		HideSolutionNode = FALSE
	EndGlobalSection
	GlobalSection(ExtensibilityGlobals) = postSolution
		SolutionGuid = {D5584FDA-D136-42B2-8C62-7386382A2F0E}
	EndGlobalSection
EndGlobal
